
Microsoft Visual Studio Solution File, Format Version 12.00
# Visual Studio Version 17
VisualStudioVersion = 17.5.002.0
MinimumVisualStudioVersion = 10.0.40219.1
Project("{2150E333-8FDC-42A3-9474-1A3956D46DE8}") = "Back", "Back", "{34D9EA54-8EBF-48EC-96C6-BE153C439240}"
EndProject
Project("{2150E333-8FDC-42A3-9474-1A3956D46DE8}") = "src", "src", "{FF9819A3-E060-4CFA-BF92-104497AEA6A4}"
EndProject
Project("{9A19103F-16F7-4668-BE54-9A1E7A4F7556}") = "ProEventos.API", "Back\src\ProEventos.API\ProEventos.API.csproj", "{8A7F40A7-8EA2-43AF-956B-9482CB6DD98C}"
EndProject
Global
	GlobalSection(SolutionConfigurationPlatforms) = preSolution
		Debug|Any CPU = Debug|Any CPU
		Release|Any CPU = Release|Any CPU
	EndGlobalSection
	GlobalSection(ProjectConfigurationPlatforms) = postSolution
		{8A7F40A7-8EA2-43AF-956B-9482CB6DD98C}.Debug|Any CPU.ActiveCfg = Debug|Any CPU
		{8A7F40A7-8EA2-43AF-956B-9482CB6DD98C}.Debug|Any CPU.Build.0 = Debug|Any CPU
		{8A7F40A7-8EA2-43AF-956B-9482CB6DD98C}.Release|Any CPU.ActiveCfg = Release|Any CPU
		{8A7F40A7-8EA2-43AF-956B-9482CB6DD98C}.Release|Any CPU.Build.0 = Release|Any CPU
	EndGlobalSection
	GlobalSection(SolutionProperties) = preSolution
		HideSolutionNode = FALSE
	EndGlobalSection
	GlobalSection(NestedProjects) = preSolution
		{FF9819A3-E060-4CFA-BF92-104497AEA6A4} = {34D9EA54-8EBF-48EC-96C6-BE153C439240}
		{8A7F40A7-8EA2-43AF-956B-9482CB6DD98C} = {FF9819A3-E060-4CFA-BF92-104497AEA6A4}
	EndGlobalSection
	GlobalSection(ExtensibilityGlobals) = postSolution
		SolutionGuid = {9D4F8B04-AC4D-48A0-8EDB-19A025EFE4FB}
	EndGlobalSection
EndGlobal
